github.com/NYTimes/gziphandler v1.1.1 h1:ZUDjpQae29j0ryrS0u/B8HZfJBtBQHjqw2rQ2cqUQ3I=
github.com/NYTimes/gziphandler v1.1.1/go.mod h1:n/CVRwUEOgIxrgPvAQhUUr9oeUtvrhMomdKFjzJNB0c=
github.com/andybalholm/cascadia v1.2.0 h1:vuRCkM5Ozh/BfmsaTm26kbjm0mIOM3yS5Ek/F5h18aE=
github.com/davecgh/go-spew v1.1.0/go.mod h1:J7Y8YcW2NihsgmVo/mv3lAwl/skON4iLHjSsI+c5H38=
github.com/davecgh/go-spew v1.1.1 h1:vj9j/u1bqnvCEfJOwUhtlOARqs3+rkHYY13jYWTU97c=
github.com/go-playground/form v3.1.4+incompatible h1:lvKiHVxE2WvzDIoyMnWcjyiBxKt2+uFJyZcPYWsLnjI=
github.com/go-playground/form v3.1.4+incompatible/go.mod h1:lhcKXfTuhRtIZCIKUeJ0b5F207aeQCPbZU09ScKjwWg=
github.com/goplaid/multipartestutils v0.0.3 h1:Un+a6XfVrn/hlYs9Y7wiwXMjfKw+cVdOmJYyy7GhuM8=
github.com/goplaid/web v1.2.2 h1:3PncfI6iFSBi6dk7qKPUey31GmUEgFnG9dSSAwB5mxE=
github.com/goplaid/web v1.2.2/go.mod h1:5F3fHRmCH9oxh9lGxeGRtyslOQ4542FreIragR6dk7E=
github.com/pmezard/go-difflib v1.0.0 h1:4DBwDE0NGyQoBHbLQYPwSUPoCMWR5BEzIk/f1lZbAQM=
github.com/pmezard/go-difflib v1.0.0/go.mod h1:iKH77koFhYxTK1pcRnkKkqfTogsbg7gZNVY4sRDYZ/4=
github.com/rs/xid v1.4.0 h1:qd7wPTDkN6KQx2VmMBLrpHkiyQwgFXRnkOLacUiaSNY=
github.com/rs/xid v1.4.0/go.mod h1:trrq9SKmegXys3aeAKXMUTdJsYXVwGY3RLcfgqegfbg=
github.com/stretchr/objx v0.1.0/go.mod h1:HFkY916IF+rwdDfMAkV7OtwuqBVzrE8GR6GFx+wExME=
github.com/stretchr/testify v1.3.0/go.mod h1:M5WIy9Dh21IEIfnGCwXGc5bZfKNJtfHm1UVUgZn+9EI=
github.com/stretchr/testify v1.4.0 h1:2E4SXV/wtOkTonXsotYi4li6zVWxYlZuYNCXe9XRJyk=
github.com/stretchr/testify v1.4.0/go.mod h1:j7eGeouHqKxXV5pUuKE4zz7dFj8WfuZ+81PSLYec5m4=
github.com/sunfmin/reflectutils v1.0.3 h1:9crqUv4CdmvPDF4ymxG6sb6EVualibt9pYkTacrP1OM=
github.com/sunfmin/reflectutils v1.0.3/go.mod h1:ckN+r+oXS4OXFEVU+CCRuXBujUPCGlV86oCh/QsS3h4=
github.com/theplant/htmlgo v1.0.3 h1:G7/YSf8OrOIRHVQ13avd78T/GV1kDl/jMwpQURrXB0o=
github.com/theplant/htmlgo v1.0.3/go.mod h1:pCKSFJsoVNkyW+yN2i1Mst+8130NSQzIU7L2IbnuyKg=
github.com/theplant/htmltestingutils v0.0.0-20190423050759-0e06de7b6967 h1:yPrgtU8bj7Q/XbXgjjmngZtOhsUufBAraruNwxv/eXM=
github.com/theplant/testingutils v0.0.0-20220314083015-b74d1aa8ac8a h1:dF00sJtP57ZEVpkR5Wu0dtpz9Iw94xO6XBHUwTJr0hQ=
github.com/theplant/testingutils v0.0.0-20220314083015-b74d1aa8ac8a/go.mod h1:6qsvMzRXPoK9mAC1CV5Ggw8m/EzzO+TI3HsE1IX8BaA=
github.com/thoas/go-funk v0.9.2 h1:oKlNYv0AY5nyf9g+/GhMgS/UO2ces0QRdPKwkhY3VCk=
github.com/thoas/go-funk v0.9.2/go.mod h1:+IWnUfUmFO1+WVYQWQtIJHeRRdaIyyYglZN7xzUPe4Q=
github.com/yosssi/gohtml v0.0.0-20201013000340-ee4748c638f4 h1:0sw0nJM544SpsihWx1bkXdYLQDlzRflMgFJQ4Yih9ts=
goji.io v2.0.2+incompatible h1:uIssv/elbKRLznFUy3Xj4+2Mz/qKhek/9aZQDUMae7c=
golang.org/x/net v0.0.0-20210716203947-853a461950ff h1:j2EK/QoxYNBsXI4R7fQkkRUk8y6wnOBI+6hgPdP/6Ds=
gopkg.in/check.v1 v0.0.0-20161208181325-20d25e280405/go.mod h1:Co6ibVJAznAaIkqp8huTwlJQCZ016jof/cbN4VW5Yz0=
gopkg.in/go-playground/assert.v1 v1.2.1 h1:xoYuJVE7KT85PYWrN730RguIQO0ePzVRfFMXadIrXTM=
gopkg.in/yaml.v2 v2.2.2 h1:ZCJp+EgiOT7lHqUV2J862kp8Qj64Jo6az82+3Td9dZw=
gopkg.in/yaml.v2 v2.2.2/go.mod h1:hI93XBmqTisBFMUTm0b8Fm+jr3Dg1NNxqwp+5A1VGuI=
